
Microsoft Visual Studio Solution File, Format Version 12.00
# Visual Studio Version 17
VisualStudioVersion = 17.0.31903.59
MinimumVisualStudioVersion = 10.0.40219.1
Project("{888888A0-9F3D-457C-B088-3A5042F75D52}") = "movie_project", "movie_project.pyproj", "{0FE9E676-C857-4200-98AC-BCADC3F9BB7D}"
EndProject
Global
	GlobalSection(SolutionConfigurationPlatforms) = preSolution
		Debug|Any CPU = Debug|Any CPU
		Release|Any CPU = Release|Any CPU
	EndGlobalSection
	GlobalSection(ProjectConfigurationPlatforms) = postSolution
		{0FE9E676-C857-4200-98AC-BCADC3F9BB7D}.Debug|Any CPU.ActiveCfg = Debug|Any CPU
		{0FE9E676-C857-4200-98AC-BCADC3F9BB7D}.Debug|Any CPU.Build.0 = Debug|Any CPU
		{0FE9E676-C857-4200-98AC-BCADC3F9BB7D}.Release|Any CPU.ActiveCfg = Release|Any CPU
		{0FE9E676-C857-4200-98AC-BCADC3F9BB7D}.Release|Any CPU.Build.0 = Release|Any CPU
	EndGlobalSection
	GlobalSection(SolutionProperties) = preSolution
		HideSolutionNode = FALSE
	EndGlobalSection
	GlobalSection(ExtensibilityGlobals) = postSolution
		SolutionGuid = {B06923E8-059A-4D7B-B331-B3DB3FBD9ADC}
	EndGlobalSection
EndGlobal
